
Microsoft Visual Studio Solution File, Format Version 12.00
# Visual Studio Version 17
VisualStudioVersion = 17.7.34009.444
MinimumVisualStudioVersion = 10.0.40219.1
Project("{FAE04EC0-301F-11D3-BF4B-00C04F79EFBC}") = "Guess Number", "Guess Number\Guess Number.csproj", "{35014E99-7F77-45BD-AB27-E2020E5A98F0}"
EndProject
Global
	GlobalSection(SolutionConfigurationPlatforms) = preSolution
		Debug|Any CPU = Debug|Any CPU
		Release|Any CPU = Release|Any CPU
	EndGlobalSection
	GlobalSection(ProjectConfigurationPlatforms) = postSolution
		{35014E99-7F77-45BD-AB27-E2020E5A98F0}.Debug|Any CPU.ActiveCfg = Debug|Any CPU
		{35014E99-7F77-45BD-AB27-E2020E5A98F0}.Debug|Any CPU.Build.0 = Debug|Any CPU
		{35014E99-7F77-45BD-AB27-E2020E5A98F0}.Release|Any CPU.ActiveCfg = Release|Any CPU
		{35014E99-7F77-45BD-AB27-E2020E5A98F0}.Release|Any CPU.Build.0 = Release|Any CPU
	EndGlobalSection
	GlobalSection(SolutionProperties) = preSolution
		HideSolutionNode = FALSE
	EndGlobalSection
	GlobalSection(ExtensibilityGlobals) = postSolution
		SolutionGuid = {7F502D29-B1E5-496A-8DF4-31A5CB01FDA3}
	EndGlobalSection
EndGlobal
